
Microsoft Visual Studio Solution File, Format Version 12.00
# Visual Studio Version 16
VisualStudioVersion = 16.0.30523.141
MinimumVisualStudioVersion = 10.0.40219.1
Project("{8BC9CEB8-8B4A-11D0-8D11-00A0C91BC942}") = "mandelbrot", "C:\Users\Maxim\Documents\mandelbrot\mandelbrot.vcxproj", "{42070AEA-2375-3569-A41C-7F2007C647D0}"
EndProject
Global
	GlobalSection(SolutionConfigurationPlatforms) = preSolution
		Debug|x64 = Debug|x64
		Release|x64 = Release|x64
	EndGlobalSection
	GlobalSection(ProjectConfigurationPlatforms) = postSolution
		{42070AEA-2375-3569-A41C-7F2007C647D0}.Debug|x64.ActiveCfg = Debug|x64
		{42070AEA-2375-3569-A41C-7F2007C647D0}.Debug|x64.Build.0 = Debug|x64
		{42070AEA-2375-3569-A41C-7F2007C647D0}.Release|x64.ActiveCfg = Release|x64
		{42070AEA-2375-3569-A41C-7F2007C647D0}.Release|x64.Build.0 = Release|x64
	EndGlobalSection
	GlobalSection(SolutionProperties) = preSolution
		HideSolutionNode = FALSE
	EndGlobalSection
	GlobalSection(ExtensibilityGlobals) = postSolution
		SolutionGuid = {705A0326-174F-4810-9A0F-357883A874A4}
	EndGlobalSection
EndGlobal
